
Microsoft Visual Studio Solution File, Format Version 12.00
# Visual Studio Version 16
VisualStudioVersion = 16.0.31729.503
MinimumVisualStudioVersion = 10.0.40219.1
Project("{FAE04EC0-301F-11D3-BF4B-00C04F79EFBC}") = "Homework6", "Homework6\Homework6.csproj", "{535232F1-E307-4973-9DA9-177F94F975FA}"
EndProject
Project("{9A19103F-16F7-4668-BE54-9A1E7A4F7556}") = "ClassLibrary", "ClassLibrary\ClassLibrary.csproj", "{0E0593DF-85C6-4F5B-A2DB-A0E777014EFA}"
EndProject
Project("{FAE04EC0-301F-11D3-BF4B-00C04F79EFBC}") = "UnitTests", "UnitTests\UnitTests.csproj", "{F44348AA-6FF1-4FBC-86A6-4725D14CBB92}"
EndProject
Global
	GlobalSection(SolutionConfigurationPlatforms) = preSolution
		Debug|Any CPU = Debug|Any CPU
		Release|Any CPU = Release|Any CPU
	EndGlobalSection
	GlobalSection(ProjectConfigurationPlatforms) = postSolution
		{535232F1-E307-4973-9DA9-177F94F975FA}.Debug|Any CPU.ActiveCfg = Debug|Any CPU
		{535232F1-E307-4973-9DA9-177F94F975FA}.Debug|Any CPU.Build.0 = Debug|Any CPU
		{535232F1-E307-4973-9DA9-177F94F975FA}.Release|Any CPU.ActiveCfg = Release|Any CPU
		{535232F1-E307-4973-9DA9-177F94F975FA}.Release|Any CPU.Build.0 = Release|Any CPU
		{0E0593DF-85C6-4F5B-A2DB-A0E777014EFA}.Debug|Any CPU.ActiveCfg = Debug|Any CPU
		{0E0593DF-85C6-4F5B-A2DB-A0E777014EFA}.Debug|Any CPU.Build.0 = Debug|Any CPU
		{0E0593DF-85C6-4F5B-A2DB-A0E777014EFA}.Release|Any CPU.ActiveCfg = Release|Any CPU
		{0E0593DF-85C6-4F5B-A2DB-A0E777014EFA}.Release|Any CPU.Build.0 = Release|Any CPU
		{F44348AA-6FF1-4FBC-86A6-4725D14CBB92}.Debug|Any CPU.ActiveCfg = Debug|Any CPU
		{F44348AA-6FF1-4FBC-86A6-4725D14CBB92}.Debug|Any CPU.Build.0 = Debug|Any CPU
		{F44348AA-6FF1-4FBC-86A6-4725D14CBB92}.Release|Any CPU.ActiveCfg = Release|Any CPU
		{F44348AA-6FF1-4FBC-86A6-4725D14CBB92}.Release|Any CPU.Build.0 = Release|Any CPU
	EndGlobalSection
	GlobalSection(SolutionProperties) = preSolution
		HideSolutionNode = FALSE
	EndGlobalSection
	GlobalSection(ExtensibilityGlobals) = postSolution
		SolutionGuid = {451A3CB8-386E-428E-A586-E06858C34A1F}
	EndGlobalSection
EndGlobal
